// !$*UTF8*$!
{
	archiveVersion = 1;
	classes = {
	};
	objectVersion = 77;
	objects = {

/* Begin PBXBuildFile section */
		12AE0D6A89C0000A31C0931D /* SensorService.swift in Sources */ = {isa = PBXBuildFile; fileRef = 871D13C6C98DA8831CDEF56B /* SensorService.swift */; };
		14285FF82238911EC706A7E5 /* AssistantService.swift in Sources */ = {isa = PBXBuildFile; fileRef = 46770DFDE0E928F4391A5909 /* AssistantService.swift */; };
		1566185856F4259DD3FAA33A /* LittleRipApp.swift in Sources */ = {isa = PBXBuildFile; fileRef = 898D024CFCCC0375758B93FA /* LittleRipApp.swift */; };
		15762185B3E64910A8B6FA01 /* VisionService.swift in Sources */ = {isa = PBXBuildFile; fileRef = 8940BCA7DFD76FB166553BF4 /* VisionService.swift */; };
		7B6858A25DB825955410FDBB /* Assets.xcassets in Resources */ = {isa = PBXBuildFile; fileRef = CC7E630EF66A1853978FC60E /* Assets.xcassets */; };
		9A4ED3CA6FDA59B2A3E75933 /* CameraService.swift in Sources */ = {isa = PBXBuildFile; fileRef = BF1A4C3B241EE3509CAD2838 /* CameraService.swift */; };
		9DB9ACF5411EE363A6F5F8C8 /* ContentView.swift in Sources */ = {isa = PBXBuildFile; fileRef = E11672CBAA2986D6C905EFA6 /* ContentView.swift */; };
		A2653DDCA61D9EB3B4AE08D9 /* KeySimulator.swift in Sources */ = {isa = PBXBuildFile; fileRef = E703B542C955E22B153820E0 /* KeySimulator.swift */; };
/* End PBXBuildFile section */

/* Begin PBXFileReference section */
		46770DFDE0E928F4391A5909 /* AssistantService.swift */ = {isa = PBXFileReference; lastKnownFileType = sourcecode.swift; path = AssistantService.swift; sourceTree = "<group>"; };
		8676649E91364A8825D554A3 /* LittleRip.app */ = {isa = PBXFileReference; explicitFileType = wrapper.application; includeInIndex = 0; path = LittleRip.app; sourceTree = BUILT_PRODUCTS_DIR; };
		871D13C6C98DA8831CDEF56B /* SensorService.swift */ = {isa = PBXFileReference; lastKnownFileType = sourcecode.swift; path = SensorService.swift; sourceTree = "<group>"; };
		8940BCA7DFD76FB166553BF4 /* VisionService.swift */ = {isa = PBXFileReference; lastKnownFileType = sourcecode.swift; path = VisionService.swift; sourceTree = "<group>"; };
		898D024CFCCC0375758B93FA /* LittleRipApp.swift */ = {isa = PBXFileReference; lastKnownFileType = sourcecode.swift; path = LittleRipApp.swift; sourceTree = "<group>"; };
		BF1A4C3B241EE3509CAD2838 /* CameraService.swift */ = {isa = PBXFileReference; lastKnownFileType = sourcecode.swift; path = CameraService.swift; sourceTree = "<group>"; };
		CC7E630EF66A1853978FC60E /* Assets.xcassets */ = {isa = PBXFileReference; lastKnownFileType = folder.assetcatalog; path = Assets.xcassets; sourceTree = "<group>"; };
		E11672CBAA2986D6C905EFA6 /* ContentView.swift */ = {isa = PBXFileReference; lastKnownFileType = sourcecode.swift; path = ContentView.swift; sourceTree = "<group>"; };
		E703B542C955E22B153820E0 /* KeySimulator.swift */ = {isa = PBXFileReference; lastKnownFileType = sourcecode.swift; path = KeySimulator.swift; sourceTree = "<group>"; };
/* End PBXFileReference section */

/* Begin PBXGroup section */
		19091E80A479AC1CFB217225 = {
			isa = PBXGroup;
			children = (
				58A11190FA622056649C1B92 /* LittleRip */,
				DF2FD4C9EEF35322251E6FF5 /* Products */,
			);
			sourceTree = "<group>";
		};
		58A11190FA622056649C1B92 /* LittleRip */ = {
			isa = PBXGroup;
			children = (
				CC7E630EF66A1853978FC60E /* Assets.xcassets */,
				46770DFDE0E928F4391A5909 /* AssistantService.swift */,
				BF1A4C3B241EE3509CAD2838 /* CameraService.swift */,
				E11672CBAA2986D6C905EFA6 /* ContentView.swift */,
				E703B542C955E22B153820E0 /* KeySimulator.swift */,
				898D024CFCCC0375758B93FA /* LittleRipApp.swift */,
				871D13C6C98DA8831CDEF56B /* SensorService.swift */,
				8940BCA7DFD76FB166553BF4 /* VisionService.swift */,
			);
			path = LittleRip;
			sourceTree = "<group>";
		};
		DF2FD4C9EEF35322251E6FF5 /* Products */ = {
			isa = PBXGroup;
			children = (
				8676649E91364A8825D554A3 /* LittleRip.app */,
			);
			name = Products;
			sourceTree = "<group>";
		};
/* End PBXGroup section */

/* Begin PBXNativeTarget section */
		1038F226D61A1778974AA9A8 /* LittleRip */ = {
			isa = PBXNativeTarget;
			buildConfigurationList = CC621FB232ED6A68F104CF33 /* Build configuration list for PBXNativeTarget "LittleRip" */;
			buildPhases = (
				502643DCFE43739A41EAB8B6 /* Sources */,
				6967C0BBEC1121220054451A /* Resources */,
			);
			buildRules = (
			);
			dependencies = (
			);
			name = LittleRip;
			packageProductDependencies = (
			);
			productName = LittleRip;
			productReference = 8676649E91364A8825D554A3 /* LittleRip.app */;
			productType = "com.apple.product-type.application";
		};
/* End PBXNativeTarget section */

/* Begin PBXProject section */
		40C683381E91541F094210C6 /* Project object */ = {
			isa = PBXProject;
			attributes = {
				BuildIndependentTargetsInParallel = YES;
				LastUpgradeCheck = 1430;
				TargetAttributes = {
					1038F226D61A1778974AA9A8 = {
						DevelopmentTeam = 72CK386HNT;
						ProvisioningStyle = Automatic;
					};
				};
			};
			buildConfigurationList = 6B13CB1917B50C9154B6E3CF /* Build configuration list for PBXProject "LittleRip" */;
			developmentRegion = en;
			hasScannedForEncodings = 0;
			knownRegions = (
				Base,
				en,
			);
			mainGroup = 19091E80A479AC1CFB217225;
			minimizedProjectReferenceProxies = 1;
			preferredProjectObjectVersion = 77;
			productRefGroup = DF2FD4C9EEF35322251E6FF5 /* Products */;
			projectDirPath = "";
			projectRoot = "";
			targets = (
				1038F226D61A1778974AA9A8 /* LittleRip */,
			);
		};
/* End PBXProject section */

/* Begin PBXResourcesBuildPhase section */
		6967C0BBEC1121220054451A /* Resources */ = {
			isa = PBXResourcesBuildPhase;
			buildActionMask = 2147483647;
			files = (
				7B6858A25DB825955410FDBB /* Assets.xcassets in Resources */,
			);
			runOnlyForDeploymentPostprocessing = 0;
		};
/* End PBXResourcesBuildPhase section */

/* Begin PBXSourcesBuildPhase section */
		502643DCFE43739A41EAB8B6 /* Sources */ = {
			isa = PBXSourcesBuildPhase;
			buildActionMask = 2147483647;
			files = (
				14285FF82238911EC706A7E5 /* AssistantService.swift in Sources */,
				9A4ED3CA6FDA59B2A3E75933 /* CameraService.swift in Sources */,
				9DB9ACF5411EE363A6F5F8C8 /* ContentView.swift in Sources */,
				A2653DDCA61D9EB3B4AE08D9 /* KeySimulator.swift in Sources */,
				1566185856F4259DD3FAA33A /* LittleRipApp.swift in Sources */,
				12AE0D6A89C0000A31C0931D /* SensorService.swift in Sources */,
				15762185B3E64910A8B6FA01 /* VisionService.swift in Sources */,
			);
			runOnlyForDeploymentPostprocessing = 0;
		};
/* End PBXSourcesBuildPhase section */

/* Begin XCBuildConfiguration section */
		0C2D910DB5CE79BC46E99A6E /* Release */ = {
			isa = XCBuildConfiguration;
			buildSettings = {
				ASSETCATALOG_COMPILER_APPICON_NAME = AppIcon;
				COMBINE_HIDPI_IMAGES = YES;
				ENABLE_HARDENED_RUNTIME = YES;
				GENERATE_INFOPLIST_FILE = YES;
				INFOPLIST_KEY_LSApplicationCategoryType = "public.app-category.utilities";
				INFOPLIST_KEY_NSHumanReadableCopyright = "Copyright © 2026 LittleRip";
				INFOPLIST_KEY_NSMicrophoneUsageDescription = "LittleRip listens through the microphone while Assistant mode is on.";
				INFOPLIST_KEY_NSPrincipalClass = NSApplication;
				INFOPLIST_KEY_NSSpeechRecognitionUsageDescription = "LittleRip converts your speech to text to build Assistant context.";
				LD_RUNPATH_SEARCH_PATHS = (
					"$(inherited)",
					"@executable_path/../Frameworks",
				);
				PRODUCT_BUNDLE_IDENTIFIER = com.maxautomize.LittleRipMac;
				PRODUCT_NAME = LittleRip;
				SDKROOT = macosx;
			};
			name = Release;
		};
		18F6F1E4FE55DFC68BE8AEB1 /* Debug */ = {
			isa = XCBuildConfiguration;
			buildSettings = {
				ALWAYS_SEARCH_USER_PATHS = NO;
				CLANG_ANALYZER_NONNULL = YES;
				CLANG_ANALYZER_NUMBER_OBJECT_CONVERSION = YES_AGGRESSIVE;
				CLANG_CXX_LANGUAGE_STANDARD = "gnu++14";
				CLANG_CXX_LIBRARY = "libc++";
				CLANG_ENABLE_MODULES = YES;
				CLANG_ENABLE_OBJC_ARC = YES;
				CLANG_ENABLE_OBJC_WEAK = YES;
				CLANG_WARN_BLOCK_CAPTURE_AUTORELEASING = YES;
				CLANG_WARN_BOOL_CONVERSION = YES;
				CLANG_WARN_COMMA = YES;
				CLANG_WARN_CONSTANT_CONVERSION = YES;
				CLANG_WARN_DEPRECATED_OBJC_IMPLEMENTATIONS = YES;
				CLANG_WARN_DIRECT_OBJC_ISA_USAGE = YES_ERROR;
				CLANG_WARN_DOCUMENTATION_COMMENTS = YES;
				CLANG_WARN_EMPTY_BODY = YES;
				CLANG_WARN_ENUM_CONVERSION = YES;
				CLANG_WARN_INFINITE_RECURSION = YES;
				CLANG_WARN_INT_CONVERSION = YES;
				CLANG_WARN_NON_LITERAL_NULL_CONVERSION = YES;
				CLANG_WARN_OBJC_IMPLICIT_RETAIN_SELF = YES;
				CLANG_WARN_OBJC_LITERAL_CONVERSION = YES;
				CLANG_WARN_OBJC_ROOT_CLASS = YES_ERROR;
				CLANG_WARN_QUOTED_INCLUDE_IN_FRAMEWORK_HEADER = YES;
				CLANG_WARN_RANGE_LOOP_ANALYSIS = YES;
				CLANG_WARN_STRICT_PROTOTYPES = YES;
				CLANG_WARN_SUSPICIOUS_MOVE = YES;
				CLANG_WARN_UNGUARDED_AVAILABILITY = YES_AGGRESSIVE;
				CLANG_WARN_UNREACHABLE_CODE = YES;
				CLANG_WARN__DUPLICATE_METHOD_MATCH = YES;
				CODE_SIGN_STYLE = Automatic;
				COPY_PHASE_STRIP = NO;
				DEBUG_INFORMATION_FORMAT = dwarf;
				DEVELOPMENT_TEAM = 72CK386HNT;
				ENABLE_STRICT_OBJC_MSGSEND = YES;
				ENABLE_TESTABILITY = YES;
				GCC_C_LANGUAGE_STANDARD = gnu11;
				GCC_DYNAMIC_NO_PIC = NO;
				GCC_NO_COMMON_BLOCKS = YES;
				GCC_OPTIMIZATION_LEVEL = 0;
				GCC_PREPROCESSOR_DEFINITIONS = (
					"$(inherited)",
					"DEBUG=1",
				);
				GCC_WARN_64_TO_32_BIT_CONVERSION = YES;
				GCC_WARN_ABOUT_RETURN_TYPE = YES_ERROR;
				GCC_WARN_UNDECLARED_SELECTOR = YES;
				GCC_WARN_UNINITIALIZED_AUTOS = YES_AGGRESSIVE;
				GCC_WARN_UNUSED_FUNCTION = YES;
				GCC_WARN_UNUSED_VARIABLE = YES;
				MACOSX_DEPLOYMENT_TARGET = 15.0;
				MTL_ENABLE_DEBUG_INFO = INCLUDE_SOURCE;
				MTL_FAST_MATH = YES;
				ONLY_ACTIVE_ARCH = YES;
				PRODUCT_NAME = "$(TARGET_NAME)";
				SDKROOT = macosx;
				SWIFT_ACTIVE_COMPILATION_CONDITIONS = DEBUG;
				SWIFT_OPTIMIZATION_LEVEL = "-Onone";
				SWIFT_VERSION = 5.0;
			};
			name = Debug;
		};
		9F050B91086494A9C2B5A186 /* Debug */ = {
			isa = XCBuildConfiguration;
			buildSettings = {
				ASSETCATALOG_COMPILER_APPICON_NAME = AppIcon;
				COMBINE_HIDPI_IMAGES = YES;
				ENABLE_HARDENED_RUNTIME = YES;
				GENERATE_INFOPLIST_FILE = YES;
				INFOPLIST_KEY_LSApplicationCategoryType = "public.app-category.utilities";
				INFOPLIST_KEY_NSHumanReadableCopyright = "Copyright © 2026 LittleRip";
				INFOPLIST_KEY_NSMicrophoneUsageDescription = "LittleRip listens through the microphone while Assistant mode is on.";
				INFOPLIST_KEY_NSPrincipalClass = NSApplication;
				INFOPLIST_KEY_NSSpeechRecognitionUsageDescription = "LittleRip converts your speech to text to build Assistant context.";
				LD_RUNPATH_SEARCH_PATHS = (
					"$(inherited)",
					"@executable_path/../Frameworks",
				);
				PRODUCT_BUNDLE_IDENTIFIER = com.maxautomize.LittleRipMac;
				PRODUCT_NAME = LittleRip;
				SDKROOT = macosx;
			};
			name = Debug;
		};
		C300675B7CD8AFE1CF798252 /* Release */ = {
			isa = XCBuildConfiguration;
			buildSettings = {
				ALWAYS_SEARCH_USER_PATHS = NO;
				CLANG_ANALYZER_NONNULL = YES;
				CLANG_ANALYZER_NUMBER_OBJECT_CONVERSION = YES_AGGRESSIVE;
				CLANG_CXX_LANGUAGE_STANDARD = "gnu++14";
				CLANG_CXX_LIBRARY = "libc++";
				CLANG_ENABLE_MODULES = YES;
				CLANG_ENABLE_OBJC_ARC = YES;
				CLANG_ENABLE_OBJC_WEAK = YES;
				CLANG_WARN_BLOCK_CAPTURE_AUTORELEASING = YES;
				CLANG_WARN_BOOL_CONVERSION = YES;
				CLANG_WARN_COMMA = YES;
				CLANG_WARN_CONSTANT_CONVERSION = YES;
				CLANG_WARN_DEPRECATED_OBJC_IMPLEMENTATIONS = YES;
				CLANG_WARN_DIRECT_OBJC_ISA_USAGE = YES_ERROR;
				CLANG_WARN_DOCUMENTATION_COMMENTS = YES;
				CLANG_WARN_EMPTY_BODY = YES;
				CLANG_WARN_ENUM_CONVERSION = YES;
				CLANG_WARN_INFINITE_RECURSION = YES;
				CLANG_WARN_INT_CONVERSION = YES;
				CLANG_WARN_NON_LITERAL_NULL_CONVERSION = YES;
				CLANG_WARN_OBJC_IMPLICIT_RETAIN_SELF = YES;
				CLANG_WARN_OBJC_LITERAL_CONVERSION = YES;
				CLANG_WARN_OBJC_ROOT_CLASS = YES_ERROR;
				CLANG_WARN_QUOTED_INCLUDE_IN_FRAMEWORK_HEADER = YES;
				CLANG_WARN_RANGE_LOOP_ANALYSIS = YES;
				CLANG_WARN_STRICT_PROTOTYPES = YES;
				CLANG_WARN_SUSPICIOUS_MOVE = YES;
				CLANG_WARN_UNGUARDED_AVAILABILITY = YES_AGGRESSIVE;
				CLANG_WARN_UNREACHABLE_CODE = YES;
				CLANG_WARN__DUPLICATE_METHOD_MATCH = YES;
				CODE_SIGN_STYLE = Automatic;
				COPY_PHASE_STRIP = NO;
				DEBUG_INFORMATION_FORMAT = "dwarf-with-dsym";
				DEVELOPMENT_TEAM = 72CK386HNT;
				ENABLE_NS_ASSERTIONS = NO;
				ENABLE_STRICT_OBJC_MSGSEND = YES;
				GCC_C_LANGUAGE_STANDARD = gnu11;
				GCC_NO_COMMON_BLOCKS = YES;
				GCC_WARN_64_TO_32_BIT_CONVERSION = YES;
				GCC_WARN_ABOUT_RETURN_TYPE = YES_ERROR;
				GCC_WARN_UNDECLARED_SELECTOR = YES;
				GCC_WARN_UNINITIALIZED_AUTOS = YES_AGGRESSIVE;
				GCC_WARN_UNUSED_FUNCTION = YES;
				GCC_WARN_UNUSED_VARIABLE = YES;
				MACOSX_DEPLOYMENT_TARGET = 15.0;
				MTL_ENABLE_DEBUG_INFO = NO;
				MTL_FAST_MATH = YES;
				PRODUCT_NAME = "$(TARGET_NAME)";
				SDKROOT = macosx;
				SWIFT_COMPILATION_MODE = wholemodule;
				SWIFT_OPTIMIZATION_LEVEL = "-O";
				SWIFT_VERSION = 5.0;
			};
			name = Release;
		};
/* End XCBuildConfiguration section */

/* Begin XCConfigurationList section */
		6B13CB1917B50C9154B6E3CF /* Build configuration list for PBXProject "LittleRip" */ = {
			isa = XCConfigurationList;
			buildConfigurations = (
				18F6F1E4FE55DFC68BE8AEB1 /* Debug */,
				C300675B7CD8AFE1CF798252 /* Release */,
			);
			defaultConfigurationIsVisible = 0;
			defaultConfigurationName = Debug;
		};
		CC621FB232ED6A68F104CF33 /* Build configuration list for PBXNativeTarget "LittleRip" */ = {
			isa = XCConfigurationList;
			buildConfigurations = (
				9F050B91086494A9C2B5A186 /* Debug */,
				0C2D910DB5CE79BC46E99A6E /* Release */,
			);
			defaultConfigurationIsVisible = 0;
			defaultConfigurationName = Debug;
		};
/* End XCConfigurationList section */
	};
	rootObject = 40C683381E91541F094210C6 /* Project object */;
}
